# generated by rye
# use `rye lock` or `rye sync` to update this lockfile
#
# last locked with the following flags:
#   pre: false
#   features: []
#   all-features: false
#   with-sources: false
#   generate-hashes: false

-e file:.
annotated-types==0.7.0
    # via pydantic
attrs==23.2.0
    # via visions
beautifulsoup4==4.12.3
    # via lbxd-stats
certifi==2024.6.2
    # via requests
charset-normalizer==3.3.2
    # via requests
contourpy==1.2.1
    # via matplotlib
cycler==0.12.1
    # via matplotlib
dacite==1.8.1
    # via ydata-profiling
fonttools==4.53.0
    # via matplotlib
htmlmin==0.1.12
    # via ydata-profiling
idna==3.7
    # via requests
imagehash==4.3.1
    # via visions
    # via ydata-profiling
jinja2==3.1.4
    # via ydata-profiling
joblib==1.4.2
    # via phik
kiwisolver==1.4.5
    # via matplotlib
llvmlite==0.43.0
    # via numba
markupsafe==2.1.5
    # via jinja2
matplotlib==3.8.4
    # via phik
    # via seaborn
    # via wordcloud
    # via ydata-profiling
multimethod==1.11.2
    # via visions
    # via ydata-profiling
networkx==3.3
    # via visions
numba==0.60.0
    # via ydata-profiling
numpy==1.26.4
    # via contourpy
    # via imagehash
    # via matplotlib
    # via numba
    # via pandas
    # via patsy
    # via phik
    # via pyarrow
    # via pywavelets
    # via scipy
    # via seaborn
    # via statsmodels
    # via visions
    # via wordcloud
    # via ydata-profiling
packaging==24.1
    # via matplotlib
    # via plotly
    # via statsmodels
pandas==2.2.2
    # via phik
    # via seaborn
    # via statsmodels
    # via visions
    # via ydata-profiling
patsy==0.5.6
    # via statsmodels
phik==0.12.4
    # via ydata-profiling
pillow==10.3.0
    # via imagehash
    # via matplotlib
    # via visions
    # via wordcloud
plotly==5.22.0
    # via lbxd-stats
polars==0.20.31
    # via lbxd-stats
pyarrow==16.1.0
    # via lbxd-stats
pydantic==2.7.4
    # via ydata-profiling
pydantic-core==2.18.4
    # via pydantic
pyparsing==3.1.2
    # via matplotlib
python-dateutil==2.9.0.post0
    # via matplotlib
    # via pandas
pytz==2024.1
    # via pandas
pywavelets==1.6.0
    # via imagehash
pyyaml==6.0.1
    # via ydata-profiling
requests==2.32.3
    # via lbxd-stats
    # via tmdbv3api
    # via ydata-profiling
scipy==1.13.1
    # via imagehash
    # via phik
    # via statsmodels
    # via ydata-profiling
seaborn==0.13.2
    # via ydata-profiling
setuptools==70.1.0
    # via lbxd-stats
six==1.16.0
    # via patsy
    # via python-dateutil
soupsieve==2.5
    # via beautifulsoup4
statsmodels==0.14.2
    # via lbxd-stats
    # via ydata-profiling
tenacity==8.4.1
    # via plotly
tmdbv3api==1.9.0
    # via lbxd-stats
toml==0.10.2
    # via lbxd-stats
tqdm==4.66.4
    # via ydata-profiling
typeguard==4.3.0
    # via ydata-profiling
typing-extensions==4.12.2
    # via pydantic
    # via pydantic-core
    # via typeguard
tzdata==2024.1
    # via pandas
urllib3==2.2.2
    # via requests
visions==0.7.6
    # via ydata-profiling
wordcloud==1.9.3
    # via ydata-profiling
ydata-profiling==4.8.3
    # via lbxd-stats
